
Microsoft Visual Studio Solution File, Format Version 12.00
Project("{FAE04EC0-301F-11D3-BF4B-00C04F79EFBC}") = "Trees.Tests", "Trees.Tests\Trees.Tests.csproj", "{DFCDB670-E209-4F38-A056-0DEC6A38A4A3}"
EndProject
Project("{FAE04EC0-301F-11D3-BF4B-00C04F79EFBC}") = "Trees.BinarySearchTree", "Trees.BinarySearchTree\Trees.BinarySearchTree.csproj", "{2C1B6473-AD20-4320-8BBD-3346D266B870}"
EndProject
Project("{FAE04EC0-301F-11D3-BF4B-00C04F79EFBC}") = "Trees.ArithmeticTree", "Trees.ArithmeticTree\Trees.ArithmeticTree.csproj", "{79178DB8-BF44-419F-A68C-6DF56CE9537E}"
EndProject
Project("{FAE04EC0-301F-11D3-BF4B-00C04F79EFBC}") = "Trees.BinaryTree", "Trees.BinaryTree\Trees.BinaryTree.csproj", "{A70CD578-4EB7-4688-997D-24CB07739580}"
EndProject
Project("{FAE04EC0-301F-11D3-BF4B-00C04F79EFBC}") = "Trees.Heap", "Trees.Heap\Trees.Heap.csproj", "{E81A73F0-12A6-48FF-8616-F3141D61ECDF}"
EndProject
Project("{FAE04EC0-301F-11D3-BF4B-00C04F79EFBC}") = "Trees.Heap.Heapsort", "Trees.Heap.Heapsort\Trees.Heap.Heapsort.csproj", "{AE48AE9D-5153-4F0D-A8E7-5A9D2EAF16AA}"
EndProject
Project("{FAE04EC0-301F-11D3-BF4B-00C04F79EFBC}") = "Trees.Heap.PriorityQueue", "Trees.Heap.PriorityQueue\Trees.Heap.PriorityQueue.csproj", "{13F06B9B-3134-4BA8-948B-E72795BEB682}"
EndProject
Project("{FAE04EC0-301F-11D3-BF4B-00C04F79EFBC}") = "Trees.Heap.FloydAlgorithm", "Trees.Heap.FloydAlgorithm\Trees.Heap.FloydAlgorithm.csproj", "{555155D0-B973-496E-903E-1B63FCB9D53E}"
EndProject
Project("{FAE04EC0-301F-11D3-BF4B-00C04F79EFBC}") = "Trees.BinarySearchTree.UI", "Trees.BinarySearchTree.UI\Trees.BinarySearchTree.UI.csproj", "{DE7F0F99-5180-4891-974F-B3B14452A240}"
EndProject
Project("{FAE04EC0-301F-11D3-BF4B-00C04F79EFBC}") = "Trees.Heap.UI", "Trees.Heap.UI\Trees.Heap.UI.csproj", "{198ED475-D127-420B-9A65-256C004695D1}"
EndProject
Project("{FAE04EC0-301F-11D3-BF4B-00C04F79EFBC}") = "Trees.BinaryTree.UI", "Trees.BinaryTree.UI\Trees.BinaryTree.UI.csproj", "{5B907A70-30A1-487A-9B52-659A456A48A3}"
EndProject
Project("{FAE04EC0-301F-11D3-BF4B-00C04F79EFBC}") = "Trees.ArithmeticTree.UI", "Trees.ArithmeticTree.UI\Trees.ArithmeticTree.UI.csproj", "{C9ACC9A2-EE23-4B2E-B0DB-F33B51FB9A1D}"
EndProject
Project("{FAE04EC0-301F-11D3-BF4B-00C04F79EFBC}") = "Trees.Heap.FloydAlgorithm.UI", "Trees.Heap.FloydAlgorithm.UI\Trees.Heap.FloydAlgorithm.UI.csproj", "{332E1C6A-913F-44A9-B9C1-F6ADDDC384F3}"
EndProject
Project("{FAE04EC0-301F-11D3-BF4B-00C04F79EFBC}") = "Trees.Heap.PriorityQueue.UI", "Trees.Heap.PriorityQueue.UI\Trees.Heap.PriorityQueue.UI.csproj", "{95D1E884-1808-46C3-A3AE-73597EAAA8EC}"
EndProject
Project("{FAE04EC0-301F-11D3-BF4B-00C04F79EFBC}") = "Trees.Heap.Heapsort.UI", "Trees.Heap.Heapsort.UI\Trees.Heap.Heapsort.UI.csproj", "{D7A0E3E5-C8A3-4153-8D93-4599F3CF8DCC}"
EndProject
Global
	GlobalSection(SolutionConfigurationPlatforms) = preSolution
		Debug|Any CPU = Debug|Any CPU
		Release|Any CPU = Release|Any CPU
	EndGlobalSection
	GlobalSection(ProjectConfigurationPlatforms) = postSolution
		{DFCDB670-E209-4F38-A056-0DEC6A38A4A3}.Debug|Any CPU.ActiveCfg = Debug|Any CPU
		{DFCDB670-E209-4F38-A056-0DEC6A38A4A3}.Debug|Any CPU.Build.0 = Debug|Any CPU
		{DFCDB670-E209-4F38-A056-0DEC6A38A4A3}.Release|Any CPU.ActiveCfg = Release|Any CPU
		{DFCDB670-E209-4F38-A056-0DEC6A38A4A3}.Release|Any CPU.Build.0 = Release|Any CPU
		{2C1B6473-AD20-4320-8BBD-3346D266B870}.Debug|Any CPU.ActiveCfg = Debug|Any CPU
		{2C1B6473-AD20-4320-8BBD-3346D266B870}.Debug|Any CPU.Build.0 = Debug|Any CPU
		{2C1B6473-AD20-4320-8BBD-3346D266B870}.Release|Any CPU.ActiveCfg = Release|Any CPU
		{2C1B6473-AD20-4320-8BBD-3346D266B870}.Release|Any CPU.Build.0 = Release|Any CPU
		{79178DB8-BF44-419F-A68C-6DF56CE9537E}.Debug|Any CPU.ActiveCfg = Debug|Any CPU
		{79178DB8-BF44-419F-A68C-6DF56CE9537E}.Debug|Any CPU.Build.0 = Debug|Any CPU
		{79178DB8-BF44-419F-A68C-6DF56CE9537E}.Release|Any CPU.ActiveCfg = Release|Any CPU
		{79178DB8-BF44-419F-A68C-6DF56CE9537E}.Release|Any CPU.Build.0 = Release|Any CPU
		{A70CD578-4EB7-4688-997D-24CB07739580}.Debug|Any CPU.ActiveCfg = Debug|Any CPU
		{A70CD578-4EB7-4688-997D-24CB07739580}.Debug|Any CPU.Build.0 = Debug|Any CPU
		{A70CD578-4EB7-4688-997D-24CB07739580}.Release|Any CPU.ActiveCfg = Release|Any CPU
		{A70CD578-4EB7-4688-997D-24CB07739580}.Release|Any CPU.Build.0 = Release|Any CPU
		{E81A73F0-12A6-48FF-8616-F3141D61ECDF}.Debug|Any CPU.ActiveCfg = Debug|Any CPU
		{E81A73F0-12A6-48FF-8616-F3141D61ECDF}.Debug|Any CPU.Build.0 = Debug|Any CPU
		{E81A73F0-12A6-48FF-8616-F3141D61ECDF}.Release|Any CPU.ActiveCfg = Release|Any CPU
		{E81A73F0-12A6-48FF-8616-F3141D61ECDF}.Release|Any CPU.Build.0 = Release|Any CPU
		{AE48AE9D-5153-4F0D-A8E7-5A9D2EAF16AA}.Debug|Any CPU.ActiveCfg = Debug|Any CPU
		{AE48AE9D-5153-4F0D-A8E7-5A9D2EAF16AA}.Debug|Any CPU.Build.0 = Debug|Any CPU
		{AE48AE9D-5153-4F0D-A8E7-5A9D2EAF16AA}.Release|Any CPU.ActiveCfg = Release|Any CPU
		{AE48AE9D-5153-4F0D-A8E7-5A9D2EAF16AA}.Release|Any CPU.Build.0 = Release|Any CPU
		{13F06B9B-3134-4BA8-948B-E72795BEB682}.Debug|Any CPU.ActiveCfg = Debug|Any CPU
		{13F06B9B-3134-4BA8-948B-E72795BEB682}.Debug|Any CPU.Build.0 = Debug|Any CPU
		{13F06B9B-3134-4BA8-948B-E72795BEB682}.Release|Any CPU.ActiveCfg = Release|Any CPU
		{13F06B9B-3134-4BA8-948B-E72795BEB682}.Release|Any CPU.Build.0 = Release|Any CPU
		{555155D0-B973-496E-903E-1B63FCB9D53E}.Debug|Any CPU.ActiveCfg = Debug|Any CPU
		{555155D0-B973-496E-903E-1B63FCB9D53E}.Debug|Any CPU.Build.0 = Debug|Any CPU
		{555155D0-B973-496E-903E-1B63FCB9D53E}.Release|Any CPU.ActiveCfg = Release|Any CPU
		{555155D0-B973-496E-903E-1B63FCB9D53E}.Release|Any CPU.Build.0 = Release|Any CPU
		{DE7F0F99-5180-4891-974F-B3B14452A240}.Debug|Any CPU.ActiveCfg = Debug|Any CPU
		{DE7F0F99-5180-4891-974F-B3B14452A240}.Debug|Any CPU.Build.0 = Debug|Any CPU
		{DE7F0F99-5180-4891-974F-B3B14452A240}.Release|Any CPU.ActiveCfg = Release|Any CPU
		{DE7F0F99-5180-4891-974F-B3B14452A240}.Release|Any CPU.Build.0 = Release|Any CPU
		{198ED475-D127-420B-9A65-256C004695D1}.Debug|Any CPU.ActiveCfg = Debug|Any CPU
		{198ED475-D127-420B-9A65-256C004695D1}.Debug|Any CPU.Build.0 = Debug|Any CPU
		{198ED475-D127-420B-9A65-256C004695D1}.Release|Any CPU.ActiveCfg = Release|Any CPU
		{198ED475-D127-420B-9A65-256C004695D1}.Release|Any CPU.Build.0 = Release|Any CPU
		{5B907A70-30A1-487A-9B52-659A456A48A3}.Debug|Any CPU.ActiveCfg = Debug|Any CPU
		{5B907A70-30A1-487A-9B52-659A456A48A3}.Debug|Any CPU.Build.0 = Debug|Any CPU
		{5B907A70-30A1-487A-9B52-659A456A48A3}.Release|Any CPU.ActiveCfg = Release|Any CPU
		{5B907A70-30A1-487A-9B52-659A456A48A3}.Release|Any CPU.Build.0 = Release|Any CPU
		{C9ACC9A2-EE23-4B2E-B0DB-F33B51FB9A1D}.Debug|Any CPU.ActiveCfg = Debug|Any CPU
		{C9ACC9A2-EE23-4B2E-B0DB-F33B51FB9A1D}.Debug|Any CPU.Build.0 = Debug|Any CPU
		{C9ACC9A2-EE23-4B2E-B0DB-F33B51FB9A1D}.Release|Any CPU.ActiveCfg = Release|Any CPU
		{C9ACC9A2-EE23-4B2E-B0DB-F33B51FB9A1D}.Release|Any CPU.Build.0 = Release|Any CPU
		{332E1C6A-913F-44A9-B9C1-F6ADDDC384F3}.Debug|Any CPU.ActiveCfg = Debug|Any CPU
		{332E1C6A-913F-44A9-B9C1-F6ADDDC384F3}.Debug|Any CPU.Build.0 = Debug|Any CPU
		{332E1C6A-913F-44A9-B9C1-F6ADDDC384F3}.Release|Any CPU.ActiveCfg = Release|Any CPU
		{332E1C6A-913F-44A9-B9C1-F6ADDDC384F3}.Release|Any CPU.Build.0 = Release|Any CPU
		{95D1E884-1808-46C3-A3AE-73597EAAA8EC}.Debug|Any CPU.ActiveCfg = Debug|Any CPU
		{95D1E884-1808-46C3-A3AE-73597EAAA8EC}.Debug|Any CPU.Build.0 = Debug|Any CPU
		{95D1E884-1808-46C3-A3AE-73597EAAA8EC}.Release|Any CPU.ActiveCfg = Release|Any CPU
		{95D1E884-1808-46C3-A3AE-73597EAAA8EC}.Release|Any CPU.Build.0 = Release|Any CPU
		{D7A0E3E5-C8A3-4153-8D93-4599F3CF8DCC}.Debug|Any CPU.ActiveCfg = Debug|Any CPU
		{D7A0E3E5-C8A3-4153-8D93-4599F3CF8DCC}.Debug|Any CPU.Build.0 = Debug|Any CPU
		{D7A0E3E5-C8A3-4153-8D93-4599F3CF8DCC}.Release|Any CPU.ActiveCfg = Release|Any CPU
		{D7A0E3E5-C8A3-4153-8D93-4599F3CF8DCC}.Release|Any CPU.Build.0 = Release|Any CPU
	EndGlobalSection
EndGlobal
